// !$*UTF8*$!
{
	archiveVersion = 1;
	classes = {
	};
	objectVersion = 56;
	objects = {

/* Begin PBXBuildFile section */
		BA2EDB5829CA07400055A719 /* LibertyBookOfficielApp.swift in Sources */ = {isa = PBXBuildFile; fileRef = BA2EDB5729CA07400055A719 /* LibertyBookOfficielApp.swift */; };
		BA2EDB5A29CA07400055A719 /* ContentView.swift in Sources */ = {isa = PBXBuildFile; fileRef = BA2EDB5929CA07400055A719 /* ContentView.swift */; };
		BA2EDB5C29CA07420055A719 /* Assets.xcassets in Resources */ = {isa = PBXBuildFile; fileRef = BA2EDB5B29CA07420055A719 /* Assets.xcassets */; };
		BA2EDB5F29CA07420055A719 /* Preview Assets.xcassets in Resources */ = {isa = PBXBuildFile; fileRef = BA2EDB5E29CA07420055A719 /* Preview Assets.xcassets */; };
		BA2EDB6929CA11020055A719 /* HomeView.swift in Sources */ = {isa = PBXBuildFile; fileRef = BA2EDB6829CA11020055A719 /* HomeView.swift */; };
		BA2EDB6D29CA135F0055A719 /* BookCellView.swift in Sources */ = {isa = PBXBuildFile; fileRef = BA2EDB6C29CA135F0055A719 /* BookCellView.swift */; };
		BA2EDB6F29CA17000055A719 /* Book.swift in Sources */ = {isa = PBXBuildFile; fileRef = BA2EDB6E29CA17000055A719 /* Book.swift */; };
		BA2EDB7229CA17A20055A719 /* BookData.swift in Sources */ = {isa = PBXBuildFile; fileRef = BA2EDB7129CA17A20055A719 /* BookData.swift */; };
		BA2EDB7429CA1ABE0055A719 /* BookPresentationView.swift in Sources */ = {isa = PBXBuildFile; fileRef = BA2EDB7329CA1ABE0055A719 /* BookPresentationView.swift */; };
		BA527AAC29CC98B800448065 /* LoginView.swift in Sources */ = {isa = PBXBuildFile; fileRef = BA527AAB29CC98B800448065 /* LoginView.swift */; };
		BA527AAE29CC98D400448065 /* RegisterView.swift in Sources */ = {isa = PBXBuildFile; fileRef = BA527AAD29CC98D400448065 /* RegisterView.swift */; };
		BA527AB029CC99E400448065 /* GoogleService-Info.plist in Resources */ = {isa = PBXBuildFile; fileRef = BA527AAF29CC99E400448065 /* GoogleService-Info.plist */; };
		BA527AB329CC9AF000448065 /* FirebaseAnalytics in Frameworks */ = {isa = PBXBuildFile; productRef = BA527AB229CC9AF000448065 /* FirebaseAnalytics */; };
		BA527AB529CC9AF000448065 /* FirebaseAuth in Frameworks */ = {isa = PBXBuildFile; productRef = BA527AB429CC9AF000448065 /* FirebaseAuth */; };
		BA527AB729CC9AF000448065 /* FirebaseDatabase in Frameworks */ = {isa = PBXBuildFile; productRef = BA527AB629CC9AF000448065 /* FirebaseDatabase */; };
		BA527AB929CC9AF000448065 /* FirebaseDatabaseSwift in Frameworks */ = {isa = PBXBuildFile; productRef = BA527AB829CC9AF000448065 /* FirebaseDatabaseSwift */; };
		BA527ABB29CC9AF000448065 /* FirebaseFirestore in Frameworks */ = {isa = PBXBuildFile; productRef = BA527ABA29CC9AF000448065 /* FirebaseFirestore */; };
		BA527ABD29CC9AF000448065 /* FirebaseFirestoreSwift in Frameworks */ = {isa = PBXBuildFile; productRef = BA527ABC29CC9AF000448065 /* FirebaseFirestoreSwift */; };
		BA527ABF29CC9BA300448065 /* AuthViewModel.swift in Sources */ = {isa = PBXBuildFile; fileRef = BA527ABE29CC9BA300448065 /* AuthViewModel.swift */; };
		BA527AC129CC9D1B00448065 /* Constants.swift in Sources */ = {isa = PBXBuildFile; fileRef = BA527AC029CC9D1B00448065 /* Constants.swift */; };
		BA527AC429CCA04900448065 /* CustomTextFieldView.swift in Sources */ = {isa = PBXBuildFile; fileRef = BA527AC329CCA04900448065 /* CustomTextFieldView.swift */; };
		BA527AC629CCA08100448065 /* CustomSecureFieldView.swift in Sources */ = {isa = PBXBuildFile; fileRef = BA527AC529CCA08100448065 /* CustomSecureFieldView.swift */; };
		BA527AC829CCA12600448065 /* ResetPasswordView.swift in Sources */ = {isa = PBXBuildFile; fileRef = BA527AC729CCA12600448065 /* ResetPasswordView.swift */; };
		BA527ACA29CCA77B00448065 /* User.swift in Sources */ = {isa = PBXBuildFile; fileRef = BA527AC929CCA77B00448065 /* User.swift */; };
		BA527ACC29CCB26C00448065 /* BookViewModel.swift in Sources */ = {isa = PBXBuildFile; fileRef = BA527ACB29CCB26C00448065 /* BookViewModel.swift */; };
		BA527ACF29CDE02600448065 /* UserProfileView.swift in Sources */ = {isa = PBXBuildFile; fileRef = BA527ACE29CDE02600448065 /* UserProfileView.swift */; };
		BA527AD129CE07DA00448065 /* UserPageLineView.swift in Sources */ = {isa = PBXBuildFile; fileRef = BA527AD029CE07DA00448065 /* UserPageLineView.swift */; };
		BA527AD329CE0C1E00448065 /* SearchBarView.swift in Sources */ = {isa = PBXBuildFile; fileRef = BA527AD229CE0C1E00448065 /* SearchBarView.swift */; };
		BA7CF5CF29D1FC86002A0FDF /* AddBookView.swift in Sources */ = {isa = PBXBuildFile; fileRef = BA7CF5CE29D1FC86002A0FDF /* AddBookView.swift */; };
		BA7CF5D129D338DF002A0FDF /* ActionButtonModifiersView.swift in Sources */ = {isa = PBXBuildFile; fileRef = BA7CF5D029D338DF002A0FDF /* ActionButtonModifiersView.swift */; };
		BA7CF5D329D49A85002A0FDF /* ReadingBookView.swift in Sources */ = {isa = PBXBuildFile; fileRef = BA7CF5D229D49A85002A0FDF /* ReadingBookView.swift */; };
		BA7CF5E329D5E478002A0FDF /* Oswald-Light.ttf in Resources */ = {isa = PBXBuildFile; fileRef = BA7CF5DD29D5E478002A0FDF /* Oswald-Light.ttf */; };
		BA7CF5E429D5E478002A0FDF /* Oswald-SemiBold.ttf in Resources */ = {isa = PBXBuildFile; fileRef = BA7CF5DE29D5E478002A0FDF /* Oswald-SemiBold.ttf */; };
		BA7CF5E529D5E478002A0FDF /* Oswald-Bold.ttf in Resources */ = {isa = PBXBuildFile; fileRef = BA7CF5DF29D5E478002A0FDF /* Oswald-Bold.ttf */; };
		BA7CF5E629D5E478002A0FDF /* Oswald-ExtraLight.ttf in Resources */ = {isa = PBXBuildFile; fileRef = BA7CF5E029D5E478002A0FDF /* Oswald-ExtraLight.ttf */; };
		BA7CF5E729D5E478002A0FDF /* Oswald-Medium.ttf in Resources */ = {isa = PBXBuildFile; fileRef = BA7CF5E129D5E478002A0FDF /* Oswald-Medium.ttf */; };
		BA7CF5E829D5E478002A0FDF /* Oswald-Regular.ttf in Resources */ = {isa = PBXBuildFile; fileRef = BA7CF5E229D5E478002A0FDF /* Oswald-Regular.ttf */; };
		BA81994129DD8D3600CD2518 /* AudioViewModel.swift in Sources */ = {isa = PBXBuildFile; fileRef = BA81994029DD8D3600CD2518 /* AudioViewModel.swift */; };
		BA8EB89529D6C71100E2F17A /* AudioBookView.swift in Sources */ = {isa = PBXBuildFile; fileRef = BA8EB89429D6C71100E2F17A /* AudioBookView.swift */; };
		BA8EB89829D6C79300E2F17A /* sound.mp3 in Resources */ = {isa = PBXBuildFile; fileRef = BA8EB89729D6C79300E2F17A /* sound.mp3 */; };
		BA8EB89B29D6CF1900E2F17A /* ContactUsView.swift in Sources */ = {isa = PBXBuildFile; fileRef = BA8EB89A29D6CF1900E2F17A /* ContactUsView.swift */; };
		BA8EB89D29D6D1E100E2F17A /* ConditionsGénéralesView.swift in Sources */ = {isa = PBXBuildFile; fileRef = BA8EB89C29D6D1E100E2F17A /* ConditionsGénéralesView.swift */; };
		BA8EB89F29D6D1FC00E2F17A /* PolitiqueConfidentialitéView.swift in Sources */ = {isa = PBXBuildFile; fileRef = BA8EB89E29D6D1FC00E2F17A /* PolitiqueConfidentialitéView.swift */; };
/* End PBXBuildFile section */

/* Begin PBXFileReference section */
		BA2EDB5429CA07400055A719 /* LibertyBookOfficiel.app */ = {isa = PBXFileReference; explicitFileType = wrapper.application; includeInIndex = 0; path = LibertyBookOfficiel.app; sourceTree = BUILT_PRODUCTS_DIR; };
		BA2EDB5729CA07400055A719 /* LibertyBookOfficielApp.swift */ = {isa = PBXFileReference; lastKnownFileType = sourcecode.swift; path = LibertyBookOfficielApp.swift; sourceTree = "<group>"; };
		BA2EDB5929CA07400055A719 /* ContentView.swift */ = {isa = PBXFileReference; lastKnownFileType = sourcecode.swift; path = ContentView.swift; sourceTree = "<group>"; };
		BA2EDB5B29CA07420055A719 /* Assets.xcassets */ = {isa = PBXFileReference; lastKnownFileType = folder.assetcatalog; path = Assets.xcassets; sourceTree = "<group>"; };
		BA2EDB5E29CA07420055A719 /* Preview Assets.xcassets */ = {isa = PBXFileReference; lastKnownFileType = folder.assetcatalog; path = "Preview Assets.xcassets"; sourceTree = "<group>"; };
		BA2EDB6829CA11020055A719 /* HomeView.swift */ = {isa = PBXFileReference; lastKnownFileType = sourcecode.swift; path = HomeView.swift; sourceTree = "<group>"; };
		BA2EDB6C29CA135F0055A719 /* BookCellView.swift */ = {isa = PBXFileReference; lastKnownFileType = sourcecode.swift; path = BookCellView.swift; sourceTree = "<group>"; };
		BA2EDB6E29CA17000055A719 /* Book.swift */ = {isa = PBXFileReference; lastKnownFileType = sourcecode.swift; path = Book.swift; sourceTree = "<group>"; };
		BA2EDB7129CA17A20055A719 /* BookData.swift */ = {isa = PBXFileReference; lastKnownFileType = sourcecode.swift; path = BookData.swift; sourceTree = "<group>"; };
		BA2EDB7329CA1ABE0055A719 /* BookPresentationView.swift */ = {isa = PBXFileReference; lastKnownFileType = sourcecode.swift; path = BookPresentationView.swift; sourceTree = "<group>"; };
		BA527AAB29CC98B800448065 /* LoginView.swift */ = {isa = PBXFileReference; lastKnownFileType = sourcecode.swift; path = LoginView.swift; sourceTree = "<group>"; };
		BA527AAD29CC98D400448065 /* RegisterView.swift */ = {isa = PBXFileReference; lastKnownFileType = sourcecode.swift; path = RegisterView.swift; sourceTree = "<group>"; };
		BA527AAF29CC99E400448065 /* GoogleService-Info.plist */ = {isa = PBXFileReference; fileEncoding = 4; lastKnownFileType = text.plist.xml; path = "GoogleService-Info.plist"; sourceTree = "<group>"; };
		BA527ABE29CC9BA300448065 /* AuthViewModel.swift */ = {isa = PBXFileReference; lastKnownFileType = sourcecode.swift; path = AuthViewModel.swift; sourceTree = "<group>"; };
		BA527AC029CC9D1B00448065 /* Constants.swift */ = {isa = PBXFileReference; lastKnownFileType = sourcecode.swift; path = Constants.swift; sourceTree = "<group>"; };
		BA527AC329CCA04900448065 /* CustomTextFieldView.swift */ = {isa = PBXFileReference; lastKnownFileType = sourcecode.swift; path = CustomTextFieldView.swift; sourceTree = "<group>"; };
		BA527AC529CCA08100448065 /* CustomSecureFieldView.swift */ = {isa = PBXFileReference; lastKnownFileType = sourcecode.swift; path = CustomSecureFieldView.swift; sourceTree = "<group>"; };
		BA527AC729CCA12600448065 /* ResetPasswordView.swift */ = {isa = PBXFileReference; lastKnownFileType = sourcecode.swift; path = ResetPasswordView.swift; sourceTree = "<group>"; };
		BA527AC929CCA77B00448065 /* User.swift */ = {isa = PBXFileReference; lastKnownFileType = sourcecode.swift; path = User.swift; sourceTree = "<group>"; };
		BA527ACB29CCB26C00448065 /* BookViewModel.swift */ = {isa = PBXFileReference; lastKnownFileType = sourcecode.swift; path = BookViewModel.swift; sourceTree = "<group>"; };
		BA527ACE29CDE02600448065 /* UserProfileView.swift */ = {isa = PBXFileReference; lastKnownFileType = sourcecode.swift; path = UserProfileView.swift; sourceTree = "<group>"; };
		BA527AD029CE07DA00448065 /* UserPageLineView.swift */ = {isa = PBXFileReference; lastKnownFileType = sourcecode.swift; path = UserPageLineView.swift; sourceTree = "<group>"; };
		BA527AD229CE0C1E00448065 /* SearchBarView.swift */ = {isa = PBXFileReference; lastKnownFileType = sourcecode.swift; path = SearchBarView.swift; sourceTree = "<group>"; };
		BA7CF5CE29D1FC86002A0FDF /* AddBookView.swift */ = {isa = PBXFileReference; lastKnownFileType = sourcecode.swift; path = AddBookView.swift; sourceTree = "<group>"; };
		BA7CF5D029D338DF002A0FDF /* ActionButtonModifiersView.swift */ = {isa = PBXFileReference; lastKnownFileType = sourcecode.swift; path = ActionButtonModifiersView.swift; sourceTree = "<group>"; };
		BA7CF5D229D49A85002A0FDF /* ReadingBookView.swift */ = {isa = PBXFileReference; lastKnownFileType = sourcecode.swift; path = ReadingBookView.swift; sourceTree = "<group>"; };
		BA7CF5D629D5D3AC002A0FDF /* Info.plist */ = {isa = PBXFileReference; lastKnownFileType = text.plist; path = Info.plist; sourceTree = "<group>"; };
		BA7CF5DD29D5E478002A0FDF /* Oswald-Light.ttf */ = {isa = PBXFileReference; lastKnownFileType = file; path = "Oswald-Light.ttf"; sourceTree = "<group>"; };
		BA7CF5DE29D5E478002A0FDF /* Oswald-SemiBold.ttf */ = {isa = PBXFileReference; lastKnownFileType = file; path = "Oswald-SemiBold.ttf"; sourceTree = "<group>"; };
		BA7CF5DF29D5E478002A0FDF /* Oswald-Bold.ttf */ = {isa = PBXFileReference; lastKnownFileType = file; path = "Oswald-Bold.ttf"; sourceTree = "<group>"; };
		BA7CF5E029D5E478002A0FDF /* Oswald-ExtraLight.ttf */ = {isa = PBXFileReference; lastKnownFileType = file; path = "Oswald-ExtraLight.ttf"; sourceTree = "<group>"; };
		BA7CF5E129D5E478002A0FDF /* Oswald-Medium.ttf */ = {isa = PBXFileReference; lastKnownFileType = file; path = "Oswald-Medium.ttf"; sourceTree = "<group>"; };
		BA7CF5E229D5E478002A0FDF /* Oswald-Regular.ttf */ = {isa = PBXFileReference; lastKnownFileType = file; path = "Oswald-Regular.ttf"; sourceTree = "<group>"; };
		BA81994029DD8D3600CD2518 /* AudioViewModel.swift */ = {isa = PBXFileReference; lastKnownFileType = sourcecode.swift; path = AudioViewModel.swift; sourceTree = "<group>"; };
		BA8EB89429D6C71100E2F17A /* AudioBookView.swift */ = {isa = PBXFileReference; lastKnownFileType = sourcecode.swift; path = AudioBookView.swift; sourceTree = "<group>"; };
		BA8EB89729D6C79300E2F17A /* sound.mp3 */ = {isa = PBXFileReference; lastKnownFileType = audio.mp3; path = sound.mp3; sourceTree = "<group>"; };
		BA8EB89A29D6CF1900E2F17A /* ContactUsView.swift */ = {isa = PBXFileReference; lastKnownFileType = sourcecode.swift; path = ContactUsView.swift; sourceTree = "<group>"; };
		BA8EB89C29D6D1E100E2F17A /* ConditionsGénéralesView.swift */ = {isa = PBXFileReference; lastKnownFileType = sourcecode.swift; path = "ConditionsGénéralesView.swift"; sourceTree = "<group>"; };
		BA8EB89E29D6D1FC00E2F17A /* PolitiqueConfidentialitéView.swift */ = {isa = PBXFileReference; lastKnownFileType = sourcecode.swift; path = "PolitiqueConfidentialitéView.swift"; sourceTree = "<group>"; };
/* End PBXFileReference section */

/* Begin PBXFrameworksBuildPhase section */
		BA2EDB5129CA07400055A719 /* Frameworks */ = {
			isa = PBXFrameworksBuildPhase;
			buildActionMask = 2147483647;
			files = (
				BA527AB929CC9AF000448065 /* FirebaseDatabaseSwift in Frameworks */,
				BA527AB729CC9AF000448065 /* FirebaseDatabase in Frameworks */,
				BA527AB329CC9AF000448065 /* FirebaseAnalytics in Frameworks */,
				BA527ABB29CC9AF000448065 /* FirebaseFirestore in Frameworks */,
				BA527AB529CC9AF000448065 /* FirebaseAuth in Frameworks */,
				BA527ABD29CC9AF000448065 /* FirebaseFirestoreSwift in Frameworks */,
			);
			runOnlyForDeploymentPostprocessing = 0;
		};
/* End PBXFrameworksBuildPhase section */

/* Begin PBXGroup section */
		BA2EDB4B29CA07400055A719 = {
			isa = PBXGroup;
			children = (
				BA2EDB5629CA07400055A719 /* LibertyBookOfficiel */,
				BA2EDB5529CA07400055A719 /* Products */,
			);
			sourceTree = "<group>";
		};
		BA2EDB5529CA07400055A719 /* Products */ = {
			isa = PBXGroup;
			children = (
				BA2EDB5429CA07400055A719 /* LibertyBookOfficiel.app */,
			);
			name = Products;
			sourceTree = "<group>";
		};
		BA2EDB5629CA07400055A719 /* LibertyBookOfficiel */ = {
			isa = PBXGroup;
			children = (
				BA8EB89629D6C78000E2F17A /* Sounds */,
				BA7CF5D629D5D3AC002A0FDF /* Info.plist */,
				BA7CF5D429D5D327002A0FDF /* Fonts */,
				BA527AC229CCA03200448065 /* Utils */,
				BA2EDB7029CA17960055A719 /* Data */,
				BA2EDB6729CA10EF0055A719 /* Model */,
				BA2EDB6629CA10E70055A719 /* ViewModel */,
				BA2EDB6529CA10E10055A719 /* View */,
				BA2EDB5729CA07400055A719 /* LibertyBookOfficielApp.swift */,
				BA2EDB5929CA07400055A719 /* ContentView.swift */,
				BA2EDB5B29CA07420055A719 /* Assets.xcassets */,
				BA527AAF29CC99E400448065 /* GoogleService-Info.plist */,
				BA2EDB5D29CA07420055A719 /* Preview Content */,
			);
			path = LibertyBookOfficiel;
			sourceTree = "<group>";
		};
		BA2EDB5D29CA07420055A719 /* Preview Content */ = {
			isa = PBXGroup;
			children = (
				BA2EDB5E29CA07420055A719 /* Preview Assets.xcassets */,
			);
			path = "Preview Content";
			sourceTree = "<group>";
		};
		BA2EDB6529CA10E10055A719 /* View */ = {
			isa = PBXGroup;
			children = (
				BA8EB89929D6CF0E00E2F17A /* Info */,
				BA527ACD29CDE01B00448065 /* User */,
				BA2EDB6B29CA13490055A719 /* Book */,
				BA2EDB6A29CA13400055A719 /* Home */,
				BA527AAA29CC98AC00448065 /* Authentification */,
			);
			path = View;
			sourceTree = "<group>";
		};
		BA2EDB6629CA10E70055A719 /* ViewModel */ = {
			isa = PBXGroup;
			children = (
				BA527ABE29CC9BA300448065 /* AuthViewModel.swift */,
				BA527ACB29CCB26C00448065 /* BookViewModel.swift */,
				BA81994029DD8D3600CD2518 /* AudioViewModel.swift */,
			);
			path = ViewModel;
			sourceTree = "<group>";
		};
		BA2EDB6729CA10EF0055A719 /* Model */ = {
			isa = PBXGroup;
			children = (
				BA2EDB6E29CA17000055A719 /* Book.swift */,
				BA527AC929CCA77B00448065 /* User.swift */,
			);
			path = Model;
			sourceTree = "<group>";
		};
		BA2EDB6A29CA13400055A719 /* Home */ = {
			isa = PBXGroup;
			children = (
				BA2EDB6829CA11020055A719 /* HomeView.swift */,
				BA527AD229CE0C1E00448065 /* SearchBarView.swift */,
			);
			path = Home;
			sourceTree = "<group>";
		};
		BA2EDB6B29CA13490055A719 /* Book */ = {
			isa = PBXGroup;
			children = (
				BA2EDB6C29CA135F0055A719 /* BookCellView.swift */,
				BA2EDB7329CA1ABE0055A719 /* BookPresentationView.swift */,
				BA7CF5D229D49A85002A0FDF /* ReadingBookView.swift */,
				BA8EB89429D6C71100E2F17A /* AudioBookView.swift */,
			);
			path = Book;
			sourceTree = "<group>";
		};
		BA2EDB7029CA17960055A719 /* Data */ = {
			isa = PBXGroup;
			children = (
				BA2EDB7129CA17A20055A719 /* BookData.swift */,
				BA527AC029CC9D1B00448065 /* Constants.swift */,
			);
			path = Data;
			sourceTree = "<group>";
		};
		BA527AAA29CC98AC00448065 /* Authentification */ = {
			isa = PBXGroup;
			children = (
				BA527AAB29CC98B800448065 /* LoginView.swift */,
				BA527AAD29CC98D400448065 /* RegisterView.swift */,
				BA527AC729CCA12600448065 /* ResetPasswordView.swift */,
			);
			path = Authentification;
			sourceTree = "<group>";
		};
		BA527AC229CCA03200448065 /* Utils */ = {
			isa = PBXGroup;
			children = (
				BA527AC329CCA04900448065 /* CustomTextFieldView.swift */,
				BA527AC529CCA08100448065 /* CustomSecureFieldView.swift */,
				BA7CF5D029D338DF002A0FDF /* ActionButtonModifiersView.swift */,
			);
			path = Utils;
			sourceTree = "<group>";
		};
		BA527ACD29CDE01B00448065 /* User */ = {
			isa = PBXGroup;
			children = (
				BA527ACE29CDE02600448065 /* UserProfileView.swift */,
				BA527AD029CE07DA00448065 /* UserPageLineView.swift */,
				BA7CF5CE29D1FC86002A0FDF /* AddBookView.swift */,
			);
			path = User;
			sourceTree = "<group>";
		};
		BA7CF5D429D5D327002A0FDF /* Fonts */ = {
			isa = PBXGroup;
			children = (
				BA7CF5DF29D5E478002A0FDF /* Oswald-Bold.ttf */,
				BA7CF5E029D5E478002A0FDF /* Oswald-ExtraLight.ttf */,
				BA7CF5DD29D5E478002A0FDF /* Oswald-Light.ttf */,
				BA7CF5E129D5E478002A0FDF /* Oswald-Medium.ttf */,
				BA7CF5E229D5E478002A0FDF /* Oswald-Regular.ttf */,
				BA7CF5DE29D5E478002A0FDF /* Oswald-SemiBold.ttf */,
			);
			path = Fonts;
			sourceTree = "<group>";
		};
		BA8EB89629D6C78000E2F17A /* Sounds */ = {
			isa = PBXGroup;
			children = (
				BA8EB89729D6C79300E2F17A /* sound.mp3 */,
			);
			path = Sounds;
			sourceTree = "<group>";
		};
		BA8EB89929D6CF0E00E2F17A /* Info */ = {
			isa = PBXGroup;
			children = (
				BA8EB89A29D6CF1900E2F17A /* ContactUsView.swift */,
				BA8EB89C29D6D1E100E2F17A /* ConditionsGénéralesView.swift */,
				BA8EB89E29D6D1FC00E2F17A /* PolitiqueConfidentialitéView.swift */,
			);
			path = Info;
			sourceTree = "<group>";
		};
/* End PBXGroup section */

/* Begin PBXNativeTarget section */
		BA2EDB5329CA07400055A719 /* LibertyBookOfficiel */ = {
			isa = PBXNativeTarget;
			buildConfigurationList = BA2EDB6229CA07420055A719 /* Build configuration list for PBXNativeTarget "LibertyBookOfficiel" */;
			buildPhases = (
				BA2EDB5029CA07400055A719 /* Sources */,
				BA2EDB5129CA07400055A719 /* Frameworks */,
				BA2EDB5229CA07400055A719 /* Resources */,
			);
			buildRules = (
			);
			dependencies = (
			);
			name = LibertyBookOfficiel;
			packageProductDependencies = (
				BA527AB229CC9AF000448065 /* FirebaseAnalytics */,
				BA527AB429CC9AF000448065 /* FirebaseAuth */,
				BA527AB629CC9AF000448065 /* FirebaseDatabase */,
				BA527AB829CC9AF000448065 /* FirebaseDatabaseSwift */,
				BA527ABA29CC9AF000448065 /* FirebaseFirestore */,
				BA527ABC29CC9AF000448065 /* FirebaseFirestoreSwift */,
			);
			productName = LibertyBookOfficiel;
			productReference = BA2EDB5429CA07400055A719 /* LibertyBookOfficiel.app */;
			productType = "com.apple.product-type.application";
		};
/* End PBXNativeTarget section */

/* Begin PBXProject section */
		BA2EDB4C29CA07400055A719 /* Project object */ = {
			isa = PBXProject;
			attributes = {
				BuildIndependentTargetsInParallel = 1;
				LastSwiftUpdateCheck = 1420;
				LastUpgradeCheck = 1420;
				TargetAttributes = {
					BA2EDB5329CA07400055A719 = {
						CreatedOnToolsVersion = 14.2;
					};
				};
			};
			buildConfigurationList = BA2EDB4F29CA07400055A719 /* Build configuration list for PBXProject "LibertyBookOfficiel" */;
			compatibilityVersion = "Xcode 14.0";
			developmentRegion = en;
			hasScannedForEncodings = 0;
			knownRegions = (
				en,
				Base,
			);
			mainGroup = BA2EDB4B29CA07400055A719;
			packageReferences = (
				BA527AB129CC9AF000448065 /* XCRemoteSwiftPackageReference "firebase-ios-sdk" */,
			);
			productRefGroup = BA2EDB5529CA07400055A719 /* Products */;
			projectDirPath = "";
			projectRoot = "";
			targets = (
				BA2EDB5329CA07400055A719 /* LibertyBookOfficiel */,
			);
		};
/* End PBXProject section */

/* Begin PBXResourcesBuildPhase section */
		BA2EDB5229CA07400055A719 /* Resources */ = {
			isa = PBXResourcesBuildPhase;
			buildActionMask = 2147483647;
			files = (
				BA527AB029CC99E400448065 /* GoogleService-Info.plist in Resources */,
				BA7CF5E829D5E478002A0FDF /* Oswald-Regular.ttf in Resources */,
				BA7CF5E429D5E478002A0FDF /* Oswald-SemiBold.ttf in Resources */,
				BA2EDB5F29CA07420055A719 /* Preview Assets.xcassets in Resources */,
				BA8EB89829D6C79300E2F17A /* sound.mp3 in Resources */,
				BA7CF5E629D5E478002A0FDF /* Oswald-ExtraLight.ttf in Resources */,
				BA2EDB5C29CA07420055A719 /* Assets.xcassets in Resources */,
				BA7CF5E729D5E478002A0FDF /* Oswald-Medium.ttf in Resources */,
				BA7CF5E329D5E478002A0FDF /* Oswald-Light.ttf in Resources */,
				BA7CF5E529D5E478002A0FDF /* Oswald-Bold.ttf in Resources */,
			);
			runOnlyForDeploymentPostprocessing = 0;
		};
/* End PBXResourcesBuildPhase section */

/* Begin PBXSourcesBuildPhase section */
		BA2EDB5029CA07400055A719 /* Sources */ = {
			isa = PBXSourcesBuildPhase;
			buildActionMask = 2147483647;
			files = (
				BA8EB89F29D6D1FC00E2F17A /* PolitiqueConfidentialitéView.swift in Sources */,
				BA81994129DD8D3600CD2518 /* AudioViewModel.swift in Sources */,
				BA527ABF29CC9BA300448065 /* AuthViewModel.swift in Sources */,
				BA527AC129CC9D1B00448065 /* Constants.swift in Sources */,
				BA527AC629CCA08100448065 /* CustomSecureFieldView.swift in Sources */,
				BA527AC829CCA12600448065 /* ResetPasswordView.swift in Sources */,
				BA7CF5D329D49A85002A0FDF /* ReadingBookView.swift in Sources */,
				BA8EB89B29D6CF1900E2F17A /* ContactUsView.swift in Sources */,
				BA8EB89D29D6D1E100E2F17A /* ConditionsGénéralesView.swift in Sources */,
				BA527AAE29CC98D400448065 /* RegisterView.swift in Sources */,
				BA527ACC29CCB26C00448065 /* BookViewModel.swift in Sources */,
				BA8EB89529D6C71100E2F17A /* AudioBookView.swift in Sources */,
				BA2EDB7229CA17A20055A719 /* BookData.swift in Sources */,
				BA2EDB6929CA11020055A719 /* HomeView.swift in Sources */,
				BA2EDB7429CA1ABE0055A719 /* BookPresentationView.swift in Sources */,
				BA527ACA29CCA77B00448065 /* User.swift in Sources */,
				BA527AD129CE07DA00448065 /* UserPageLineView.swift in Sources */,
				BA527ACF29CDE02600448065 /* UserProfileView.swift in Sources */,
				BA527AD329CE0C1E00448065 /* SearchBarView.swift in Sources */,
				BA7CF5D129D338DF002A0FDF /* ActionButtonModifiersView.swift in Sources */,
				BA2EDB5A29CA07400055A719 /* ContentView.swift in Sources */,
				BA2EDB5829CA07400055A719 /* LibertyBookOfficielApp.swift in Sources */,
				BA2EDB6F29CA17000055A719 /* Book.swift in Sources */,
				BA527AAC29CC98B800448065 /* LoginView.swift in Sources */,
				BA2EDB6D29CA135F0055A719 /* BookCellView.swift in Sources */,
				BA527AC429CCA04900448065 /* CustomTextFieldView.swift in Sources */,
				BA7CF5CF29D1FC86002A0FDF /* AddBookView.swift in Sources */,
			);
			runOnlyForDeploymentPostprocessing = 0;
		};
/* End PBXSourcesBuildPhase section */

/* Begin XCBuildConfiguration section */
		BA2EDB6029CA07420055A719 /* Debug */ = {
			isa = XCBuildConfiguration;
			buildSettings = {
				ALWAYS_SEARCH_USER_PATHS = NO;
				CLANG_ANALYZER_NONNULL = YES;
				CLANG_ANALYZER_NUMBER_OBJECT_CONVERSION = YES_AGGRESSIVE;
				CLANG_CXX_LANGUAGE_STANDARD = "gnu++20";
				CLANG_ENABLE_MODULES = YES;
				CLANG_ENABLE_OBJC_ARC = YES;
				CLANG_ENABLE_OBJC_WEAK = YES;
				CLANG_WARN_BLOCK_CAPTURE_AUTORELEASING = YES;
				CLANG_WARN_BOOL_CONVERSION = YES;
				CLANG_WARN_COMMA = YES;
				CLANG_WARN_CONSTANT_CONVERSION = YES;
				CLANG_WARN_DEPRECATED_OBJC_IMPLEMENTATIONS = YES;
				CLANG_WARN_DIRECT_OBJC_ISA_USAGE = YES_ERROR;
				CLANG_WARN_DOCUMENTATION_COMMENTS = YES;
				CLANG_WARN_EMPTY_BODY = YES;
				CLANG_WARN_ENUM_CONVERSION = YES;
				CLANG_WARN_INFINITE_RECURSION = YES;
				CLANG_WARN_INT_CONVERSION = YES;
				CLANG_WARN_NON_LITERAL_NULL_CONVERSION = YES;
				CLANG_WARN_OBJC_IMPLICIT_RETAIN_SELF = YES;
				CLANG_WARN_OBJC_LITERAL_CONVERSION = YES;
				CLANG_WARN_OBJC_ROOT_CLASS = YES_ERROR;
				CLANG_WARN_QUOTED_INCLUDE_IN_FRAMEWORK_HEADER = YES;
				CLANG_WARN_RANGE_LOOP_ANALYSIS = YES;
				CLANG_WARN_STRICT_PROTOTYPES = YES;
				CLANG_WARN_SUSPICIOUS_MOVE = YES;
				CLANG_WARN_UNGUARDED_AVAILABILITY = YES_AGGRESSIVE;
				CLANG_WARN_UNREACHABLE_CODE = YES;
				CLANG_WARN__DUPLICATE_METHOD_MATCH = YES;
				COPY_PHASE_STRIP = NO;
				DEBUG_INFORMATION_FORMAT = dwarf;
				ENABLE_STRICT_OBJC_MSGSEND = YES;
				ENABLE_TESTABILITY = YES;
				GCC_C_LANGUAGE_STANDARD = gnu11;
				GCC_DYNAMIC_NO_PIC = NO;
				GCC_NO_COMMON_BLOCKS = YES;
				GCC_OPTIMIZATION_LEVEL = 0;
				GCC_PREPROCESSOR_DEFINITIONS = (
					"DEBUG=1",
					"$(inherited)",
				);
				GCC_WARN_64_TO_32_BIT_CONVERSION = YES;
				GCC_WARN_ABOUT_RETURN_TYPE = YES_ERROR;
				GCC_WARN_UNDECLARED_SELECTOR = YES;
				GCC_WARN_UNINITIALIZED_AUTOS = YES_AGGRESSIVE;
				GCC_WARN_UNUSED_FUNCTION = YES;
				GCC_WARN_UNUSED_VARIABLE = YES;
				IPHONEOS_DEPLOYMENT_TARGET = 16.2;
				MTL_ENABLE_DEBUG_INFO = INCLUDE_SOURCE;
				MTL_FAST_MATH = YES;
				ONLY_ACTIVE_ARCH = YES;
				SDKROOT = iphoneos;
				SWIFT_ACTIVE_COMPILATION_CONDITIONS = DEBUG;
				SWIFT_OPTIMIZATION_LEVEL = "-Onone";
			};
			name = Debug;
		};
		BA2EDB6129CA07420055A719 /* Release */ = {
			isa = XCBuildConfiguration;
			buildSettings = {
				ALWAYS_SEARCH_USER_PATHS = NO;
				CLANG_ANALYZER_NONNULL = YES;
				CLANG_ANALYZER_NUMBER_OBJECT_CONVERSION = YES_AGGRESSIVE;
				CLANG_CXX_LANGUAGE_STANDARD = "gnu++20";
				CLANG_ENABLE_MODULES = YES;
				CLANG_ENABLE_OBJC_ARC = YES;
				CLANG_ENABLE_OBJC_WEAK = YES;
				CLANG_WARN_BLOCK_CAPTURE_AUTORELEASING = YES;
				CLANG_WARN_BOOL_CONVERSION = YES;
				CLANG_WARN_COMMA = YES;
				CLANG_WARN_CONSTANT_CONVERSION = YES;
				CLANG_WARN_DEPRECATED_OBJC_IMPLEMENTATIONS = YES;
				CLANG_WARN_DIRECT_OBJC_ISA_USAGE = YES_ERROR;
				CLANG_WARN_DOCUMENTATION_COMMENTS = YES;
				CLANG_WARN_EMPTY_BODY = YES;
				CLANG_WARN_ENUM_CONVERSION = YES;
				CLANG_WARN_INFINITE_RECURSION = YES;
				CLANG_WARN_INT_CONVERSION = YES;
				CLANG_WARN_NON_LITERAL_NULL_CONVERSION = YES;
				CLANG_WARN_OBJC_IMPLICIT_RETAIN_SELF = YES;
				CLANG_WARN_OBJC_LITERAL_CONVERSION = YES;
				CLANG_WARN_OBJC_ROOT_CLASS = YES_ERROR;
				CLANG_WARN_QUOTED_INCLUDE_IN_FRAMEWORK_HEADER = YES;
				CLANG_WARN_RANGE_LOOP_ANALYSIS = YES;
				CLANG_WARN_STRICT_PROTOTYPES = YES;
				CLANG_WARN_SUSPICIOUS_MOVE = YES;
				CLANG_WARN_UNGUARDED_AVAILABILITY = YES_AGGRESSIVE;
				CLANG_WARN_UNREACHABLE_CODE = YES;
				CLANG_WARN__DUPLICATE_METHOD_MATCH = YES;
				COPY_PHASE_STRIP = NO;
				DEBUG_INFORMATION_FORMAT = "dwarf-with-dsym";
				ENABLE_NS_ASSERTIONS = NO;
				ENABLE_STRICT_OBJC_MSGSEND = YES;
				GCC_C_LANGUAGE_STANDARD = gnu11;
				GCC_NO_COMMON_BLOCKS = YES;
				GCC_WARN_64_TO_32_BIT_CONVERSION = YES;
				GCC_WARN_ABOUT_RETURN_TYPE = YES_ERROR;
				GCC_WARN_UNDECLARED_SELECTOR = YES;
				GCC_WARN_UNINITIALIZED_AUTOS = YES_AGGRESSIVE;
				GCC_WARN_UNUSED_FUNCTION = YES;
				GCC_WARN_UNUSED_VARIABLE = YES;
				IPHONEOS_DEPLOYMENT_TARGET = 16.2;
				MTL_ENABLE_DEBUG_INFO = NO;
				MTL_FAST_MATH = YES;
				SDKROOT = iphoneos;
				SWIFT_COMPILATION_MODE = wholemodule;
				SWIFT_OPTIMIZATION_LEVEL = "-O";
				VALIDATE_PRODUCT = YES;
			};
			name = Release;
		};
		BA2EDB6329CA07420055A719 /* Debug */ = {
			isa = XCBuildConfiguration;
			buildSettings = {
				ASSETCATALOG_COMPILER_APPICON_NAME = AppIcon;
				ASSETCATALOG_COMPILER_GLOBAL_ACCENT_COLOR_NAME = AccentColor;
				CODE_SIGN_STYLE = Automatic;
				CURRENT_PROJECT_VERSION = 1;
				DEVELOPMENT_ASSET_PATHS = "\"LibertyBookOfficiel/Preview Content\"";
				DEVELOPMENT_TEAM = 827NDX56M9;
				ENABLE_PREVIEWS = YES;
				GENERATE_INFOPLIST_FILE = YES;
				INFOPLIST_FILE = LibertyBookOfficiel/Info.plist;
				INFOPLIST_KEY_UIApplicationSceneManifest_Generation = YES;
				INFOPLIST_KEY_UIApplicationSupportsIndirectInputEvents = YES;
				INFOPLIST_KEY_UILaunchScreen_Generation = YES;
				INFOPLIST_KEY_UIStatusBarStyle = "";
				INFOPLIST_KEY_UISupportedInterfaceOrientations = UIInterfaceOrientationPortrait;
				LD_RUNPATH_SEARCH_PATHS = (
					"$(inherited)",
					"@executable_path/Frameworks",
				);
				MARKETING_VERSION = 1.0;
				PRODUCT_BUNDLE_IDENTIFIER = com.glymaxus.LibertyBookOfficiel;
				PRODUCT_NAME = "$(TARGET_NAME)";
				SUPPORTED_PLATFORMS = "iphoneos iphonesimulator";
				SUPPORTS_MACCATALYST = NO;
				SUPPORTS_MAC_DESIGNED_FOR_IPHONE_IPAD = NO;
				SWIFT_EMIT_LOC_STRINGS = YES;
				SWIFT_VERSION = 5.0;
				TARGETED_DEVICE_FAMILY = "1,2";
			};
			name = Debug;
		};
		BA2EDB6429CA07420055A719 /* Release */ = {
			isa = XCBuildConfiguration;
			buildSettings = {
				ASSETCATALOG_COMPILER_APPICON_NAME = AppIcon;
				ASSETCATALOG_COMPILER_GLOBAL_ACCENT_COLOR_NAME = AccentColor;
				CODE_SIGN_STYLE = Automatic;
				CURRENT_PROJECT_VERSION = 1;
				DEVELOPMENT_ASSET_PATHS = "\"LibertyBookOfficiel/Preview Content\"";
				DEVELOPMENT_TEAM = 827NDX56M9;
				ENABLE_PREVIEWS = YES;
				GENERATE_INFOPLIST_FILE = YES;
				INFOPLIST_FILE = LibertyBookOfficiel/Info.plist;
				INFOPLIST_KEY_UIApplicationSceneManifest_Generation = YES;
				INFOPLIST_KEY_UIApplicationSupportsIndirectInputEvents = YES;
				INFOPLIST_KEY_UILaunchScreen_Generation = YES;
				INFOPLIST_KEY_UIStatusBarStyle = "";
				INFOPLIST_KEY_UISupportedInterfaceOrientations = UIInterfaceOrientationPortrait;
				LD_RUNPATH_SEARCH_PATHS = (
					"$(inherited)",
					"@executable_path/Frameworks",
				);
				MARKETING_VERSION = 1.0;
				PRODUCT_BUNDLE_IDENTIFIER = com.glymaxus.LibertyBookOfficiel;
				PRODUCT_NAME = "$(TARGET_NAME)";
				SUPPORTED_PLATFORMS = "iphoneos iphonesimulator";
				SUPPORTS_MACCATALYST = NO;
				SUPPORTS_MAC_DESIGNED_FOR_IPHONE_IPAD = NO;
				SWIFT_EMIT_LOC_STRINGS = YES;
				SWIFT_VERSION = 5.0;
				TARGETED_DEVICE_FAMILY = "1,2";
			};
			name = Release;
		};
/* End XCBuildConfiguration section */

/* Begin XCConfigurationList section */
		BA2EDB4F29CA07400055A719 /* Build configuration list for PBXProject "LibertyBookOfficiel" */ = {
			isa = XCConfigurationList;
			buildConfigurations = (
				BA2EDB6029CA07420055A719 /* Debug */,
				BA2EDB6129CA07420055A719 /* Release */,
			);
			defaultConfigurationIsVisible = 0;
			defaultConfigurationName = Release;
		};
		BA2EDB6229CA07420055A719 /* Build configuration list for PBXNativeTarget "LibertyBookOfficiel" */ = {
			isa = XCConfigurationList;
			buildConfigurations = (
				BA2EDB6329CA07420055A719 /* Debug */,
				BA2EDB6429CA07420055A719 /* Release */,
			);
			defaultConfigurationIsVisible = 0;
			defaultConfigurationName = Release;
		};
/* End XCConfigurationList section */

/* Begin XCRemoteSwiftPackageReference section */
		BA527AB129CC9AF000448065 /* XCRemoteSwiftPackageReference "firebase-ios-sdk" */ = {
			isa = XCRemoteSwiftPackageReference;
			repositoryURL = "https://github.com/firebase/firebase-ios-sdk";
			requirement = {
				kind = upToNextMajorVersion;
				minimumVersion = 9.0.0;
			};
		};
/* End XCRemoteSwiftPackageReference section */

/* Begin XCSwiftPackageProductDependency section */
		BA527AB229CC9AF000448065 /* FirebaseAnalytics */ = {
			isa = XCSwiftPackageProductDependency;
			package = BA527AB129CC9AF000448065 /* XCRemoteSwiftPackageReference "firebase-ios-sdk" */;
			productName = FirebaseAnalytics;
		};
		BA527AB429CC9AF000448065 /* FirebaseAuth */ = {
			isa = XCSwiftPackageProductDependency;
			package = BA527AB129CC9AF000448065 /* XCRemoteSwiftPackageReference "firebase-ios-sdk" */;
			productName = FirebaseAuth;
		};
		BA527AB629CC9AF000448065 /* FirebaseDatabase */ = {
			isa = XCSwiftPackageProductDependency;
			package = BA527AB129CC9AF000448065 /* XCRemoteSwiftPackageReference "firebase-ios-sdk" */;
			productName = FirebaseDatabase;
		};
		BA527AB829CC9AF000448065 /* FirebaseDatabaseSwift */ = {
			isa = XCSwiftPackageProductDependency;
			package = BA527AB129CC9AF000448065 /* XCRemoteSwiftPackageReference "firebase-ios-sdk" */;
			productName = FirebaseDatabaseSwift;
		};
		BA527ABA29CC9AF000448065 /* FirebaseFirestore */ = {
			isa = XCSwiftPackageProductDependency;
			package = BA527AB129CC9AF000448065 /* XCRemoteSwiftPackageReference "firebase-ios-sdk" */;
			productName = FirebaseFirestore;
		};
		BA527ABC29CC9AF000448065 /* FirebaseFirestoreSwift */ = {
			isa = XCSwiftPackageProductDependency;
			package = BA527AB129CC9AF000448065 /* XCRemoteSwiftPackageReference "firebase-ios-sdk" */;
			productName = FirebaseFirestoreSwift;
		};
/* End XCSwiftPackageProductDependency section */
	};
	rootObject = BA2EDB4C29CA07400055A719 /* Project object */;
}
